
Microsoft Visual Studio Solution File, Format Version 12.00
# Visual Studio Version 16
VisualStudioVersion = 16.0.30608.117
MinimumVisualStudioVersion = 15.0.26124.0
Project("{2150E333-8FDC-42A3-9474-1A3956D46DE8}") = "src", "src", "{69206C38-EB1E-4CE2-9961-FC1D1D6609FE}"
EndProject
Project("{9A19103F-16F7-4668-BE54-9A1E7A4F7556}") = "Fabron.Server", "src\Fabron.Server\Fabron.Server.csproj", "{D1EE193F-C8DE-40AF-AF9C-EFD24C2D5724}"
EndProject
Project("{FAE04EC0-301F-11D3-BF4B-00C04F79EFBC}") = "Fabron.Core.Test", "src\Fabron.Core.Test\Fabron.Core.Test.csproj", "{5E6420B6-8A59-49CC-ACFC-9528CB6D6DCE}"
EndProject
Project("{FAE04EC0-301F-11D3-BF4B-00C04F79EFBC}") = "Fabron.Core", "src\Fabron.Core\Fabron.Core.csproj", "{5C2B22FC-0D68-421F-B01E-E5AC8EE8E7FA}"
EndProject
Project("{FAE04EC0-301F-11D3-BF4B-00C04F79EFBC}") = "Fabron.Mando", "src\Fabron.Mando\Fabron.Mando.csproj", "{1CC2D67D-7CFB-4095-BC32-D96C44E4A690}"
EndProject
Project("{FAE04EC0-301F-11D3-BF4B-00C04F79EFBC}") = "Fabron.CLI", "src\Fabron.CLI\Fabron.CLI.csproj", "{0A31E6F9-7EEB-48E6-82E1-20E77F1E700F}"
EndProject
Global
	GlobalSection(SolutionConfigurationPlatforms) = preSolution
		Debug|Any CPU = Debug|Any CPU
		Debug|x64 = Debug|x64
		Debug|x86 = Debug|x86
		Release|Any CPU = Release|Any CPU
		Release|x64 = Release|x64
		Release|x86 = Release|x86
	EndGlobalSection
	GlobalSection(ProjectConfigurationPlatforms) = postSolution
		{D1EE193F-C8DE-40AF-AF9C-EFD24C2D5724}.Debug|Any CPU.ActiveCfg = Debug|Any CPU
		{D1EE193F-C8DE-40AF-AF9C-EFD24C2D5724}.Debug|Any CPU.Build.0 = Debug|Any CPU
		{D1EE193F-C8DE-40AF-AF9C-EFD24C2D5724}.Debug|x64.ActiveCfg = Debug|Any CPU
		{D1EE193F-C8DE-40AF-AF9C-EFD24C2D5724}.Debug|x64.Build.0 = Debug|Any CPU
		{D1EE193F-C8DE-40AF-AF9C-EFD24C2D5724}.Debug|x86.ActiveCfg = Debug|Any CPU
		{D1EE193F-C8DE-40AF-AF9C-EFD24C2D5724}.Debug|x86.Build.0 = Debug|Any CPU
		{D1EE193F-C8DE-40AF-AF9C-EFD24C2D5724}.Release|Any CPU.ActiveCfg = Release|Any CPU
		{D1EE193F-C8DE-40AF-AF9C-EFD24C2D5724}.Release|Any CPU.Build.0 = Release|Any CPU
		{D1EE193F-C8DE-40AF-AF9C-EFD24C2D5724}.Release|x64.ActiveCfg = Release|Any CPU
		{D1EE193F-C8DE-40AF-AF9C-EFD24C2D5724}.Release|x64.Build.0 = Release|Any CPU
		{D1EE193F-C8DE-40AF-AF9C-EFD24C2D5724}.Release|x86.ActiveCfg = Release|Any CPU
		{D1EE193F-C8DE-40AF-AF9C-EFD24C2D5724}.Release|x86.Build.0 = Release|Any CPU
		{5E6420B6-8A59-49CC-ACFC-9528CB6D6DCE}.Debug|Any CPU.ActiveCfg = Debug|Any CPU
		{5E6420B6-8A59-49CC-ACFC-9528CB6D6DCE}.Debug|Any CPU.Build.0 = Debug|Any CPU
		{5E6420B6-8A59-49CC-ACFC-9528CB6D6DCE}.Debug|x64.ActiveCfg = Debug|Any CPU
		{5E6420B6-8A59-49CC-ACFC-9528CB6D6DCE}.Debug|x64.Build.0 = Debug|Any CPU
		{5E6420B6-8A59-49CC-ACFC-9528CB6D6DCE}.Debug|x86.ActiveCfg = Debug|Any CPU
		{5E6420B6-8A59-49CC-ACFC-9528CB6D6DCE}.Debug|x86.Build.0 = Debug|Any CPU
		{5E6420B6-8A59-49CC-ACFC-9528CB6D6DCE}.Release|Any CPU.ActiveCfg = Release|Any CPU
		{5E6420B6-8A59-49CC-ACFC-9528CB6D6DCE}.Release|Any CPU.Build.0 = Release|Any CPU
		{5E6420B6-8A59-49CC-ACFC-9528CB6D6DCE}.Release|x64.ActiveCfg = Release|Any CPU
		{5E6420B6-8A59-49CC-ACFC-9528CB6D6DCE}.Release|x64.Build.0 = Release|Any CPU
		{5E6420B6-8A59-49CC-ACFC-9528CB6D6DCE}.Release|x86.ActiveCfg = Release|Any CPU
		{5E6420B6-8A59-49CC-ACFC-9528CB6D6DCE}.Release|x86.Build.0 = Release|Any CPU
		{5C2B22FC-0D68-421F-B01E-E5AC8EE8E7FA}.Debug|Any CPU.ActiveCfg = Debug|Any CPU
		{5C2B22FC-0D68-421F-B01E-E5AC8EE8E7FA}.Debug|Any CPU.Build.0 = Debug|Any CPU
		{5C2B22FC-0D68-421F-B01E-E5AC8EE8E7FA}.Debug|x64.ActiveCfg = Debug|Any CPU
		{5C2B22FC-0D68-421F-B01E-E5AC8EE8E7FA}.Debug|x64.Build.0 = Debug|Any CPU
		{5C2B22FC-0D68-421F-B01E-E5AC8EE8E7FA}.Debug|x86.ActiveCfg = Debug|Any CPU
		{5C2B22FC-0D68-421F-B01E-E5AC8EE8E7FA}.Debug|x86.Build.0 = Debug|Any CPU
		{5C2B22FC-0D68-421F-B01E-E5AC8EE8E7FA}.Release|Any CPU.ActiveCfg = Release|Any CPU
		{5C2B22FC-0D68-421F-B01E-E5AC8EE8E7FA}.Release|Any CPU.Build.0 = Release|Any CPU
		{5C2B22FC-0D68-421F-B01E-E5AC8EE8E7FA}.Release|x64.ActiveCfg = Release|Any CPU
		{5C2B22FC-0D68-421F-B01E-E5AC8EE8E7FA}.Release|x64.Build.0 = Release|Any CPU
		{5C2B22FC-0D68-421F-B01E-E5AC8EE8E7FA}.Release|x86.ActiveCfg = Release|Any CPU
		{5C2B22FC-0D68-421F-B01E-E5AC8EE8E7FA}.Release|x86.Build.0 = Release|Any CPU
		{1CC2D67D-7CFB-4095-BC32-D96C44E4A690}.Debug|Any CPU.ActiveCfg = Debug|Any CPU
		{1CC2D67D-7CFB-4095-BC32-D96C44E4A690}.Debug|Any CPU.Build.0 = Debug|Any CPU
		{1CC2D67D-7CFB-4095-BC32-D96C44E4A690}.Debug|x64.ActiveCfg = Debug|Any CPU
		{1CC2D67D-7CFB-4095-BC32-D96C44E4A690}.Debug|x64.Build.0 = Debug|Any CPU
		{1CC2D67D-7CFB-4095-BC32-D96C44E4A690}.Debug|x86.ActiveCfg = Debug|Any CPU
		{1CC2D67D-7CFB-4095-BC32-D96C44E4A690}.Debug|x86.Build.0 = Debug|Any CPU
		{1CC2D67D-7CFB-4095-BC32-D96C44E4A690}.Release|Any CPU.ActiveCfg = Release|Any CPU
		{1CC2D67D-7CFB-4095-BC32-D96C44E4A690}.Release|Any CPU.Build.0 = Release|Any CPU
		{1CC2D67D-7CFB-4095-BC32-D96C44E4A690}.Release|x64.ActiveCfg = Release|Any CPU
		{1CC2D67D-7CFB-4095-BC32-D96C44E4A690}.Release|x64.Build.0 = Release|Any CPU
		{1CC2D67D-7CFB-4095-BC32-D96C44E4A690}.Release|x86.ActiveCfg = Release|Any CPU
		{1CC2D67D-7CFB-4095-BC32-D96C44E4A690}.Release|x86.Build.0 = Release|Any CPU
		{0A31E6F9-7EEB-48E6-82E1-20E77F1E700F}.Debug|Any CPU.ActiveCfg = Debug|Any CPU
		{0A31E6F9-7EEB-48E6-82E1-20E77F1E700F}.Debug|Any CPU.Build.0 = Debug|Any CPU
		{0A31E6F9-7EEB-48E6-82E1-20E77F1E700F}.Debug|x64.ActiveCfg = Debug|Any CPU
		{0A31E6F9-7EEB-48E6-82E1-20E77F1E700F}.Debug|x64.Build.0 = Debug|Any CPU
		{0A31E6F9-7EEB-48E6-82E1-20E77F1E700F}.Debug|x86.ActiveCfg = Debug|Any CPU
		{0A31E6F9-7EEB-48E6-82E1-20E77F1E700F}.Debug|x86.Build.0 = Debug|Any CPU
		{0A31E6F9-7EEB-48E6-82E1-20E77F1E700F}.Release|Any CPU.ActiveCfg = Release|Any CPU
		{0A31E6F9-7EEB-48E6-82E1-20E77F1E700F}.Release|Any CPU.Build.0 = Release|Any CPU
		{0A31E6F9-7EEB-48E6-82E1-20E77F1E700F}.Release|x64.ActiveCfg = Release|Any CPU
		{0A31E6F9-7EEB-48E6-82E1-20E77F1E700F}.Release|x64.Build.0 = Release|Any CPU
		{0A31E6F9-7EEB-48E6-82E1-20E77F1E700F}.Release|x86.ActiveCfg = Release|Any CPU
		{0A31E6F9-7EEB-48E6-82E1-20E77F1E700F}.Release|x86.Build.0 = Release|Any CPU
	EndGlobalSection
	GlobalSection(SolutionProperties) = preSolution
		HideSolutionNode = FALSE
	EndGlobalSection
	GlobalSection(NestedProjects) = preSolution
		{D1EE193F-C8DE-40AF-AF9C-EFD24C2D5724} = {69206C38-EB1E-4CE2-9961-FC1D1D6609FE}
		{5E6420B6-8A59-49CC-ACFC-9528CB6D6DCE} = {69206C38-EB1E-4CE2-9961-FC1D1D6609FE}
		{5C2B22FC-0D68-421F-B01E-E5AC8EE8E7FA} = {69206C38-EB1E-4CE2-9961-FC1D1D6609FE}
		{1CC2D67D-7CFB-4095-BC32-D96C44E4A690} = {69206C38-EB1E-4CE2-9961-FC1D1D6609FE}
		{0A31E6F9-7EEB-48E6-82E1-20E77F1E700F} = {69206C38-EB1E-4CE2-9961-FC1D1D6609FE}
	EndGlobalSection
	GlobalSection(ExtensibilityGlobals) = postSolution
		SolutionGuid = {131A525F-A9C4-4AC3-B730-FC206DF60CD0}
	EndGlobalSection
EndGlobal
